
Microsoft Visual Studio Solution File, Format Version 11.00
# Visual Studio 2010
Project("{FAE04EC0-301F-11D3-BF4B-00C04F79EFBC}") = "SME.DebtSummary", "SME.DebtSummary\SME.DebtSummary.csproj", "{7E328C4A-4E21-4AEC-8FB0-C1999C54916B}"
EndProject
Project("{FAE04EC0-301F-11D3-BF4B-00C04F79EFBC}") = "SME.DebtSummary.Core", "SME.DebtSummary.Core\SME.DebtSummary.Core.csproj", "{02D3124B-509B-4DB4-A90A-67CC50DC3E0A}"
EndProject
Project("{FAE04EC0-301F-11D3-BF4B-00C04F79EFBC}") = "Util", "Util\Util.csproj", "{E71736AA-5A05-4EF7-9EBC-127C2E5A141B}"
EndProject
Project("{FAE04EC0-301F-11D3-BF4B-00C04F79EFBC}") = "SME.DebtSummary.Core.UnitTests", "SME.DebtSummary.Core.UnitTests\SME.DebtSummary.Core.UnitTests.csproj", "{E2CE2636-3FF9-4A3C-9CEC-BB1882B9E165}"
EndProject
Project("{2150E333-8FDC-42A3-9474-1A3956D46DE8}") = "Solution Items", "Solution Items", "{F4BE8835-71E3-496C-A0F2-3F0C1D1C53DB}"
	ProjectSection(SolutionItems) = preProject
		Local.testsettings = Local.testsettings
		SME.DebtSummary.vsmdi = SME.DebtSummary.vsmdi
		TraceAndTestImpact.testsettings = TraceAndTestImpact.testsettings
	EndProjectSection
EndProject
Project("{C8D11400-126E-41CD-887F-60BD40844F9E}") = "SMEDatabase", "SMEDatabase\SMEDatabase.dbproj", "{67CBC824-A49E-4E9B-A947-360F3DFE65C3}"
EndProject
Project("{FAE04EC0-301F-11D3-BF4B-00C04F79EFBC}") = "SME.UserSystem.Core", "SME.UserSystem.Core\SME.UserSystem.Core.csproj", "{497156DC-843F-476C-A8C7-C1F7B0ED44A2}"
EndProject
Project("{FAE04EC0-301F-11D3-BF4B-00C04F79EFBC}") = "SME.UserSystem.Core.UnitTests", "SME.UserSystem.Core.UnitTest\SME.UserSystem.Core.UnitTests.csproj", "{D89C64A9-3752-4DCC-B602-78FE648CB05E}"
EndProject
Global
	GlobalSection(TestCaseManagementSettings) = postSolution
		CategoryFile = SME.DebtSummary.vsmdi
	EndGlobalSection
	GlobalSection(SolutionConfigurationPlatforms) = preSolution
		Debug|Any CPU = Debug|Any CPU
		Release|Any CPU = Release|Any CPU
	EndGlobalSection
	GlobalSection(ProjectConfigurationPlatforms) = postSolution
		{7E328C4A-4E21-4AEC-8FB0-C1999C54916B}.Debug|Any CPU.ActiveCfg = Debug|Any CPU
		{7E328C4A-4E21-4AEC-8FB0-C1999C54916B}.Debug|Any CPU.Build.0 = Debug|Any CPU
		{7E328C4A-4E21-4AEC-8FB0-C1999C54916B}.Release|Any CPU.ActiveCfg = Release|Any CPU
		{7E328C4A-4E21-4AEC-8FB0-C1999C54916B}.Release|Any CPU.Build.0 = Release|Any CPU
		{02D3124B-509B-4DB4-A90A-67CC50DC3E0A}.Debug|Any CPU.ActiveCfg = Debug|Any CPU
		{02D3124B-509B-4DB4-A90A-67CC50DC3E0A}.Debug|Any CPU.Build.0 = Debug|Any CPU
		{02D3124B-509B-4DB4-A90A-67CC50DC3E0A}.Release|Any CPU.ActiveCfg = Release|Any CPU
		{02D3124B-509B-4DB4-A90A-67CC50DC3E0A}.Release|Any CPU.Build.0 = Release|Any CPU
		{E71736AA-5A05-4EF7-9EBC-127C2E5A141B}.Debug|Any CPU.ActiveCfg = Debug|Any CPU
		{E71736AA-5A05-4EF7-9EBC-127C2E5A141B}.Debug|Any CPU.Build.0 = Debug|Any CPU
		{E71736AA-5A05-4EF7-9EBC-127C2E5A141B}.Release|Any CPU.ActiveCfg = Release|Any CPU
		{E71736AA-5A05-4EF7-9EBC-127C2E5A141B}.Release|Any CPU.Build.0 = Release|Any CPU
		{E2CE2636-3FF9-4A3C-9CEC-BB1882B9E165}.Debug|Any CPU.ActiveCfg = Debug|Any CPU
		{E2CE2636-3FF9-4A3C-9CEC-BB1882B9E165}.Debug|Any CPU.Build.0 = Debug|Any CPU
		{E2CE2636-3FF9-4A3C-9CEC-BB1882B9E165}.Release|Any CPU.ActiveCfg = Release|Any CPU
		{E2CE2636-3FF9-4A3C-9CEC-BB1882B9E165}.Release|Any CPU.Build.0 = Release|Any CPU
		{67CBC824-A49E-4E9B-A947-360F3DFE65C3}.Debug|Any CPU.ActiveCfg = Debug|Any CPU
		{67CBC824-A49E-4E9B-A947-360F3DFE65C3}.Debug|Any CPU.Build.0 = Debug|Any CPU
		{67CBC824-A49E-4E9B-A947-360F3DFE65C3}.Debug|Any CPU.Deploy.0 = Debug|Any CPU
		{67CBC824-A49E-4E9B-A947-360F3DFE65C3}.Release|Any CPU.ActiveCfg = Release|Any CPU
		{67CBC824-A49E-4E9B-A947-360F3DFE65C3}.Release|Any CPU.Build.0 = Release|Any CPU
		{67CBC824-A49E-4E9B-A947-360F3DFE65C3}.Release|Any CPU.Deploy.0 = Release|Any CPU
		{497156DC-843F-476C-A8C7-C1F7B0ED44A2}.Debug|Any CPU.ActiveCfg = Debug|Any CPU
		{497156DC-843F-476C-A8C7-C1F7B0ED44A2}.Debug|Any CPU.Build.0 = Debug|Any CPU
		{497156DC-843F-476C-A8C7-C1F7B0ED44A2}.Release|Any CPU.ActiveCfg = Release|Any CPU
		{497156DC-843F-476C-A8C7-C1F7B0ED44A2}.Release|Any CPU.Build.0 = Release|Any CPU
		{D89C64A9-3752-4DCC-B602-78FE648CB05E}.Debug|Any CPU.ActiveCfg = Debug|Any CPU
		{D89C64A9-3752-4DCC-B602-78FE648CB05E}.Debug|Any CPU.Build.0 = Debug|Any CPU
		{D89C64A9-3752-4DCC-B602-78FE648CB05E}.Release|Any CPU.ActiveCfg = Release|Any CPU
		{D89C64A9-3752-4DCC-B602-78FE648CB05E}.Release|Any CPU.Build.0 = Release|Any CPU
	EndGlobalSection
	GlobalSection(SolutionProperties) = preSolution
		HideSolutionNode = FALSE
	EndGlobalSection
EndGlobal
