
Microsoft Visual Studio Solution File, Format Version 11.00
# Visual Studio 2010
Project("{E24C65DC-7377-472B-9ABA-BC803B73C61A}") = "LGDDataCollection", ".", "{72344C5A-8F87-4FA5-A93A-7674C0DD22F5}"
	ProjectSection(WebsiteProperties) = preProject
		TargetFrameworkMoniker = ".NETFramework,Version%3Dv3.5"
		Debug.AspNetCompiler.VirtualPath = "/LGDDataCollection"
		Debug.AspNetCompiler.PhysicalPath = "..\LGDDataCollection\"
		Debug.AspNetCompiler.TargetPath = "PrecompiledWeb\LGDDataCollection\"
		Debug.AspNetCompiler.Updateable = "true"
		Debug.AspNetCompiler.ForceOverwrite = "true"
		Debug.AspNetCompiler.FixedNames = "false"
		Debug.AspNetCompiler.Debug = "True"
		Release.AspNetCompiler.VirtualPath = "/LGDDataCollection"
		Release.AspNetCompiler.PhysicalPath = "..\LGDDataCollection\"
		Release.AspNetCompiler.TargetPath = "PrecompiledWeb\LGDDataCollection\"
		Release.AspNetCompiler.Updateable = "true"
		Release.AspNetCompiler.ForceOverwrite = "true"
		Release.AspNetCompiler.FixedNames = "false"
		Release.AspNetCompiler.Debug = "False"
		VWDPort = "2488"
	EndProjectSection
EndProject
Global
	GlobalSection(SolutionConfigurationPlatforms) = preSolution
		Debug|Any CPU = Debug|Any CPU
	EndGlobalSection
	GlobalSection(ProjectConfigurationPlatforms) = postSolution
		{72344C5A-8F87-4FA5-A93A-7674C0DD22F5}.Debug|Any CPU.ActiveCfg = Debug|Any CPU
		{72344C5A-8F87-4FA5-A93A-7674C0DD22F5}.Debug|Any CPU.Build.0 = Debug|Any CPU
	EndGlobalSection
	GlobalSection(SolutionProperties) = preSolution
		HideSolutionNode = FALSE
	EndGlobalSection
EndGlobal
